
Microsoft Visual Studio Solution File, Format Version 12.00
# Visual Studio Version 17
VisualStudioVersion = 17.4.33122.133
MinimumVisualStudioVersion = 10.0.40219.1
Project("{FAE04EC0-301F-11D3-BF4B-00C04F79EFBC}") = "ConversioniDecimalePuntato", "ConversioniDecimalePuntato.csproj", "{FC0B7F48-D6A9-4E20-AEE0-2E93E8425787}"
EndProject
Global
	GlobalSection(SolutionConfigurationPlatforms) = preSolution
		Debug|Any CPU = Debug|Any CPU
		Release|Any CPU = Release|Any CPU
	EndGlobalSection
	GlobalSection(ProjectConfigurationPlatforms) = postSolution
		{FC0B7F48-D6A9-4E20-AEE0-2E93E8425787}.Debug|Any CPU.ActiveCfg = Debug|Any CPU
		{FC0B7F48-D6A9-4E20-AEE0-2E93E8425787}.Debug|Any CPU.Build.0 = Debug|Any CPU
		{FC0B7F48-D6A9-4E20-AEE0-2E93E8425787}.Release|Any CPU.ActiveCfg = Release|Any CPU
		{FC0B7F48-D6A9-4E20-AEE0-2E93E8425787}.Release|Any CPU.Build.0 = Release|Any CPU
	EndGlobalSection
	GlobalSection(SolutionProperties) = preSolution
		HideSolutionNode = FALSE
	EndGlobalSection
	GlobalSection(ExtensibilityGlobals) = postSolution
		SolutionGuid = {95B72F4B-C6BF-4B18-AEDD-F3FEB2CC15E0}
	EndGlobalSection
EndGlobal
